
Microsoft Visual Studio Solution File, Format Version 12.00
# Visual Studio Version 16
VisualStudioVersion = 16.0.29519.181
MinimumVisualStudioVersion = 10.0.40219.1
Project("{FAE04EC0-301F-11D3-BF4B-00C04F79EFBC}") = "AWSSignatureV4", "AWSSignatureV4\AWSSignatureV4.csproj", "{64D8BCED-047A-4F77-B00E-910F5B8A83D3}"
EndProject
Project("{FAE04EC0-301F-11D3-BF4B-00C04F79EFBC}") = "AWSSignatureV4.Test", "AWSSignatureV4.Test\AWSSignatureV4.Test.csproj", "{B4ACB147-C825-4283-A0B5-1C498667DC97}"
EndProject
Global
	GlobalSection(SolutionConfigurationPlatforms) = preSolution
		Debug|Any CPU = Debug|Any CPU
		Release|Any CPU = Release|Any CPU
	EndGlobalSection
	GlobalSection(ProjectConfigurationPlatforms) = postSolution
		{64D8BCED-047A-4F77-B00E-910F5B8A83D3}.Debug|Any CPU.ActiveCfg = Debug|Any CPU
		{64D8BCED-047A-4F77-B00E-910F5B8A83D3}.Debug|Any CPU.Build.0 = Debug|Any CPU
		{64D8BCED-047A-4F77-B00E-910F5B8A83D3}.Release|Any CPU.ActiveCfg = Release|Any CPU
		{64D8BCED-047A-4F77-B00E-910F5B8A83D3}.Release|Any CPU.Build.0 = Release|Any CPU
		{B4ACB147-C825-4283-A0B5-1C498667DC97}.Debug|Any CPU.ActiveCfg = Debug|Any CPU
		{B4ACB147-C825-4283-A0B5-1C498667DC97}.Debug|Any CPU.Build.0 = Debug|Any CPU
		{B4ACB147-C825-4283-A0B5-1C498667DC97}.Release|Any CPU.ActiveCfg = Release|Any CPU
		{B4ACB147-C825-4283-A0B5-1C498667DC97}.Release|Any CPU.Build.0 = Release|Any CPU
	EndGlobalSection
	GlobalSection(SolutionProperties) = preSolution
		HideSolutionNode = FALSE
	EndGlobalSection
	GlobalSection(ExtensibilityGlobals) = postSolution
		SolutionGuid = {3E2D29D6-D70F-4E7B-9ECE-F5A6EAE1ABF9}
	EndGlobalSection
EndGlobal
